
Microsoft Visual Studio Solution File, Format Version 12.00
Project("{2150E333-8FDC-42A3-9474-1A3956D46DE8}") = "src", "src", "{B8590EF6-5EB6-44E9-AC6F-733BDBEFD9C9}"
EndProject
Project("{FAE04EC0-301F-11D3-BF4B-00C04F79EFBC}") = "Domain", "Domain\Domain.csproj", "{20FAA4A1-A823-4A5C-A63A-9D2C16567BC4}"
EndProject
Project("{FAE04EC0-301F-11D3-BF4B-00C04F79EFBC}") = "Application", "Application\Application.csproj", "{611D5C79-D222-485D-BE79-024B16CFD7EC}"
EndProject
Project("{FAE04EC0-301F-11D3-BF4B-00C04F79EFBC}") = "CrossCutting", "CrossCutting\CrossCutting.csproj", "{68D399C1-C276-4CA5-8A4B-A43D4245F49C}"
EndProject
Project("{FAE04EC0-301F-11D3-BF4B-00C04F79EFBC}") = "Infra", "Infra\Infra.csproj", "{A1F4CFEE-261A-49C4-82A8-6C63BE037FC9}"
EndProject
Project("{FAE04EC0-301F-11D3-BF4B-00C04F79EFBC}") = "API", "API\API.csproj", "{EF33BF8E-6049-40A4-AED9-5622C15CA181}"
EndProject
Project("{FAE04EC0-301F-11D3-BF4B-00C04F79EFBC}") = "Core", "Core\Core.csproj", "{3C687ECB-4568-43FE-8B0D-FC8D2D234399}"
EndProject
Global
	GlobalSection(SolutionConfigurationPlatforms) = preSolution
		Debug|Any CPU = Debug|Any CPU
		Release|Any CPU = Release|Any CPU
	EndGlobalSection
	GlobalSection(NestedProjects) = preSolution
		{20FAA4A1-A823-4A5C-A63A-9D2C16567BC4} = {B8590EF6-5EB6-44E9-AC6F-733BDBEFD9C9}
		{611D5C79-D222-485D-BE79-024B16CFD7EC} = {B8590EF6-5EB6-44E9-AC6F-733BDBEFD9C9}
		{68D399C1-C276-4CA5-8A4B-A43D4245F49C} = {B8590EF6-5EB6-44E9-AC6F-733BDBEFD9C9}
		{A1F4CFEE-261A-49C4-82A8-6C63BE037FC9} = {B8590EF6-5EB6-44E9-AC6F-733BDBEFD9C9}
		{EF33BF8E-6049-40A4-AED9-5622C15CA181} = {B8590EF6-5EB6-44E9-AC6F-733BDBEFD9C9}
		{3C687ECB-4568-43FE-8B0D-FC8D2D234399} = {B8590EF6-5EB6-44E9-AC6F-733BDBEFD9C9}
	EndGlobalSection
	GlobalSection(ProjectConfigurationPlatforms) = postSolution
		{20FAA4A1-A823-4A5C-A63A-9D2C16567BC4}.Debug|Any CPU.ActiveCfg = Debug|Any CPU
		{20FAA4A1-A823-4A5C-A63A-9D2C16567BC4}.Debug|Any CPU.Build.0 = Debug|Any CPU
		{20FAA4A1-A823-4A5C-A63A-9D2C16567BC4}.Release|Any CPU.ActiveCfg = Release|Any CPU
		{20FAA4A1-A823-4A5C-A63A-9D2C16567BC4}.Release|Any CPU.Build.0 = Release|Any CPU
		{611D5C79-D222-485D-BE79-024B16CFD7EC}.Debug|Any CPU.ActiveCfg = Debug|Any CPU
		{611D5C79-D222-485D-BE79-024B16CFD7EC}.Debug|Any CPU.Build.0 = Debug|Any CPU
		{611D5C79-D222-485D-BE79-024B16CFD7EC}.Release|Any CPU.ActiveCfg = Release|Any CPU
		{611D5C79-D222-485D-BE79-024B16CFD7EC}.Release|Any CPU.Build.0 = Release|Any CPU
		{68D399C1-C276-4CA5-8A4B-A43D4245F49C}.Debug|Any CPU.ActiveCfg = Debug|Any CPU
		{68D399C1-C276-4CA5-8A4B-A43D4245F49C}.Debug|Any CPU.Build.0 = Debug|Any CPU
		{68D399C1-C276-4CA5-8A4B-A43D4245F49C}.Release|Any CPU.ActiveCfg = Release|Any CPU
		{68D399C1-C276-4CA5-8A4B-A43D4245F49C}.Release|Any CPU.Build.0 = Release|Any CPU
		{A1F4CFEE-261A-49C4-82A8-6C63BE037FC9}.Debug|Any CPU.ActiveCfg = Debug|Any CPU
		{A1F4CFEE-261A-49C4-82A8-6C63BE037FC9}.Debug|Any CPU.Build.0 = Debug|Any CPU
		{A1F4CFEE-261A-49C4-82A8-6C63BE037FC9}.Release|Any CPU.ActiveCfg = Release|Any CPU
		{A1F4CFEE-261A-49C4-82A8-6C63BE037FC9}.Release|Any CPU.Build.0 = Release|Any CPU
		{EF33BF8E-6049-40A4-AED9-5622C15CA181}.Debug|Any CPU.ActiveCfg = Debug|Any CPU
		{EF33BF8E-6049-40A4-AED9-5622C15CA181}.Debug|Any CPU.Build.0 = Debug|Any CPU
		{EF33BF8E-6049-40A4-AED9-5622C15CA181}.Release|Any CPU.ActiveCfg = Release|Any CPU
		{EF33BF8E-6049-40A4-AED9-5622C15CA181}.Release|Any CPU.Build.0 = Release|Any CPU
		{3C687ECB-4568-43FE-8B0D-FC8D2D234399}.Debug|Any CPU.ActiveCfg = Debug|Any CPU
		{3C687ECB-4568-43FE-8B0D-FC8D2D234399}.Debug|Any CPU.Build.0 = Debug|Any CPU
		{3C687ECB-4568-43FE-8B0D-FC8D2D234399}.Release|Any CPU.ActiveCfg = Release|Any CPU
		{3C687ECB-4568-43FE-8B0D-FC8D2D234399}.Release|Any CPU.Build.0 = Release|Any CPU
	EndGlobalSection
EndGlobal
